
Microsoft Visual Studio Solution File, Format Version 12.00
# Visual Studio 14
VisualStudioVersion = 14.0.25420.1
MinimumVisualStudioVersion = 10.0.40219.1
Project("{159641D6-6404-4A2A-AE62-294DE0FE8301}") = "DW Integration Ibratec", "DW Integration Ibratec\DW Integration Ibratec.dtproj", "{E51B40AE-D6EE-46B6-8C31-C218A4C15D78}"
EndProject
Global
	GlobalSection(SolutionConfigurationPlatforms) = preSolution
		Development|Default = Development|Default
	EndGlobalSection
	GlobalSection(ProjectConfigurationPlatforms) = postSolution
		{E51B40AE-D6EE-46B6-8C31-C218A4C15D78}.Development|Default.ActiveCfg = Development
		{E51B40AE-D6EE-46B6-8C31-C218A4C15D78}.Development|Default.Build.0 = Development
	EndGlobalSection
	GlobalSection(SolutionProperties) = preSolution
		HideSolutionNode = FALSE
	EndGlobalSection
EndGlobal
